// !$*UTF8*$!
{
	archiveVersion = 1;
	classes = {
	};
	objectVersion = 50;
	objects = {

/* Begin PBXBuildFile section */
		B053FD35240FE88A006000DC /* AppDelegate.swift in Sources */ = {isa = PBXBuildFile; fileRef = B053FD34240FE88A006000DC /* AppDelegate.swift */; };
		B053FD37240FE88A006000DC /* ViewController.swift in Sources */ = {isa = PBXBuildFile; fileRef = B053FD36240FE88A006000DC /* ViewController.swift */; };
		B053FD39240FE88A006000DC /* Experience.rcproject in Sources */ = {isa = PBXBuildFile; fileRef = B053FD38240FE88A006000DC /* Experience.rcproject */; };
		B053FD3C240FE88A006000DC /* Main.storyboard in Resources */ = {isa = PBXBuildFile; fileRef = B053FD3A240FE88A006000DC /* Main.storyboard */; };
		B053FD3E240FE88B006000DC /* Assets.xcassets in Resources */ = {isa = PBXBuildFile; fileRef = B053FD3D240FE88B006000DC /* Assets.xcassets */; };
		B053FD41240FE88B006000DC /* LaunchScreen.storyboard in Resources */ = {isa = PBXBuildFile; fileRef = B053FD3F240FE88B006000DC /* LaunchScreen.storyboard */; };
		B053FD51240FF183006000DC /* SalsaDancing.dae in Resources */ = {isa = PBXBuildFile; fileRef = B053FD4D240FF183006000DC /* SalsaDancing.dae */; };
		B053FD52240FF183006000DC /* Idle.dae in Resources */ = {isa = PBXBuildFile; fileRef = B053FD4E240FF183006000DC /* Idle.dae */; };
		B053FD53240FF183006000DC /* SalsaDancingFixed.dae in Resources */ = {isa = PBXBuildFile; fileRef = B053FD4F240FF183006000DC /* SalsaDancingFixed.dae */; };
		B053FD54240FF183006000DC /* IdleFixed.dae in Resources */ = {isa = PBXBuildFile; fileRef = B053FD50240FF183006000DC /* IdleFixed.dae */; };
/* End PBXBuildFile section */

/* Begin PBXFileReference section */
		B053FD31240FE88A006000DC /* MyDeer.app */ = {isa = PBXFileReference; explicitFileType = wrapper.application; includeInIndex = 0; path = MyDeer.app; sourceTree = BUILT_PRODUCTS_DIR; };
		B053FD34240FE88A006000DC /* AppDelegate.swift */ = {isa = PBXFileReference; lastKnownFileType = sourcecode.swift; path = AppDelegate.swift; sourceTree = "<group>"; };
		B053FD36240FE88A006000DC /* ViewController.swift */ = {isa = PBXFileReference; lastKnownFileType = sourcecode.swift; path = ViewController.swift; sourceTree = "<group>"; };
		B053FD38240FE88A006000DC /* Experience.rcproject */ = {isa = PBXFileReference; lastKnownFileType = file.rcproject; path = Experience.rcproject; sourceTree = "<group>"; };
		B053FD3B240FE88A006000DC /* Base */ = {isa = PBXFileReference; lastKnownFileType = file.storyboard; name = Base; path = Base.lproj/Main.storyboard; sourceTree = "<group>"; };
		B053FD3D240FE88B006000DC /* Assets.xcassets */ = {isa = PBXFileReference; lastKnownFileType = folder.assetcatalog; path = Assets.xcassets; sourceTree = "<group>"; };
		B053FD40240FE88B006000DC /* Base */ = {isa = PBXFileReference; lastKnownFileType = file.storyboard; name = Base; path = Base.lproj/LaunchScreen.storyboard; sourceTree = "<group>"; };
		B053FD42240FE88B006000DC /* Info.plist */ = {isa = PBXFileReference; lastKnownFileType = text.plist.xml; path = Info.plist; sourceTree = "<group>"; };
		B053FD4D240FF183006000DC /* SalsaDancing.dae */ = {isa = PBXFileReference; fileEncoding = 4; lastKnownFileType = text.xml.dae; path = SalsaDancing.dae; sourceTree = "<group>"; };
		B053FD4E240FF183006000DC /* Idle.dae */ = {isa = PBXFileReference; fileEncoding = 4; lastKnownFileType = text.xml.dae; path = Idle.dae; sourceTree = "<group>"; };
		B053FD4F240FF183006000DC /* SalsaDancingFixed.dae */ = {isa = PBXFileReference; fileEncoding = 4; lastKnownFileType = text.xml.dae; path = SalsaDancingFixed.dae; sourceTree = "<group>"; };
		B053FD50240FF183006000DC /* IdleFixed.dae */ = {isa = PBXFileReference; fileEncoding = 4; lastKnownFileType = text.xml.dae; path = IdleFixed.dae; sourceTree = "<group>"; };
/* End PBXFileReference section */

/* Begin PBXFrameworksBuildPhase section */
		B053FD2E240FE88A006000DC /* Frameworks */ = {
			isa = PBXFrameworksBuildPhase;
			buildActionMask = 2147483647;
			files = (
			);
			runOnlyForDeploymentPostprocessing = 0;
		};
/* End PBXFrameworksBuildPhase section */

/* Begin PBXGroup section */
		B053FD28240FE88A006000DC = {
			isa = PBXGroup;
			children = (
				B053FD33240FE88A006000DC /* MyDeer */,
				B053FD32240FE88A006000DC /* Products */,
			);
			sourceTree = "<group>";
		};
		B053FD32240FE88A006000DC /* Products */ = {
			isa = PBXGroup;
			children = (
				B053FD31240FE88A006000DC /* MyDeer.app */,
			);
			name = Products;
			sourceTree = "<group>";
		};
		B053FD33240FE88A006000DC /* MyDeer */ = {
			isa = PBXGroup;
			children = (
				B053FD48240FEEC5006000DC /* man */,
				B053FD34240FE88A006000DC /* AppDelegate.swift */,
				B053FD36240FE88A006000DC /* ViewController.swift */,
				B053FD38240FE88A006000DC /* Experience.rcproject */,
				B053FD3A240FE88A006000DC /* Main.storyboard */,
				B053FD3D240FE88B006000DC /* Assets.xcassets */,
				B053FD3F240FE88B006000DC /* LaunchScreen.storyboard */,
				B053FD42240FE88B006000DC /* Info.plist */,
			);
			path = MyDeer;
			sourceTree = "<group>";
		};
		B053FD48240FEEC5006000DC /* man */ = {
			isa = PBXGroup;
			children = (
				B053FD4E240FF183006000DC /* Idle.dae */,
				B053FD50240FF183006000DC /* IdleFixed.dae */,
				B053FD4D240FF183006000DC /* SalsaDancing.dae */,
				B053FD4F240FF183006000DC /* SalsaDancingFixed.dae */,
			);
			path = man;
			sourceTree = "<group>";
		};
/* End PBXGroup section */

/* Begin PBXNativeTarget section */
		B053FD30240FE88A006000DC /* MyDeer */ = {
			isa = PBXNativeTarget;
			buildConfigurationList = B053FD45240FE88B006000DC /* Build configuration list for PBXNativeTarget "MyDeer" */;
			buildPhases = (
				B053FD2D240FE88A006000DC /* Sources */,
				B053FD2E240FE88A006000DC /* Frameworks */,
				B053FD2F240FE88A006000DC /* Resources */,
			);
			buildRules = (
			);
			dependencies = (
			);
			name = MyDeer;
			productName = MyDeer;
			productReference = B053FD31240FE88A006000DC /* MyDeer.app */;
			productType = "com.apple.product-type.application";
		};
/* End PBXNativeTarget section */

/* Begin PBXProject section */
		B053FD29240FE88A006000DC /* Project object */ = {
			isa = PBXProject;
			attributes = {
				LastSwiftUpdateCheck = 1130;
				LastUpgradeCheck = 1130;
				ORGANIZATIONNAME = laura.bejan;
				TargetAttributes = {
					B053FD30240FE88A006000DC = {
						CreatedOnToolsVersion = 11.3.1;
					};
				};
			};
			buildConfigurationList = B053FD2C240FE88A006000DC /* Build configuration list for PBXProject "MyDeer" */;
			compatibilityVersion = "Xcode 9.3";
			developmentRegion = en;
			hasScannedForEncodings = 0;
			knownRegions = (
				en,
				Base,
			);
			mainGroup = B053FD28240FE88A006000DC;
			productRefGroup = B053FD32240FE88A006000DC /* Products */;
			projectDirPath = "";
			projectRoot = "";
			targets = (
				B053FD30240FE88A006000DC /* MyDeer */,
			);
		};
/* End PBXProject section */

/* Begin PBXResourcesBuildPhase section */
		B053FD2F240FE88A006000DC /* Resources */ = {
			isa = PBXResourcesBuildPhase;
			buildActionMask = 2147483647;
			files = (
				B053FD52240FF183006000DC /* Idle.dae in Resources */,
				B053FD41240FE88B006000DC /* LaunchScreen.storyboard in Resources */,
				B053FD51240FF183006000DC /* SalsaDancing.dae in Resources */,
				B053FD53240FF183006000DC /* SalsaDancingFixed.dae in Resources */,
				B053FD3E240FE88B006000DC /* Assets.xcassets in Resources */,
				B053FD54240FF183006000DC /* IdleFixed.dae in Resources */,
				B053FD3C240FE88A006000DC /* Main.storyboard in Resources */,
			);
			runOnlyForDeploymentPostprocessing = 0;
		};
/* End PBXResourcesBuildPhase section */

/* Begin PBXSourcesBuildPhase section */
		B053FD2D240FE88A006000DC /* Sources */ = {
			isa = PBXSourcesBuildPhase;
			buildActionMask = 2147483647;
			files = (
				B053FD37240FE88A006000DC /* ViewController.swift in Sources */,
				B053FD35240FE88A006000DC /* AppDelegate.swift in Sources */,
				B053FD39240FE88A006000DC /* Experience.rcproject in Sources */,
			);
			runOnlyForDeploymentPostprocessing = 0;
		};
/* End PBXSourcesBuildPhase section */

/* Begin PBXVariantGroup section */
		B053FD3A240FE88A006000DC /* Main.storyboard */ = {
			isa = PBXVariantGroup;
			children = (
				B053FD3B240FE88A006000DC /* Base */,
			);
			name = Main.storyboard;
			sourceTree = "<group>";
		};
		B053FD3F240FE88B006000DC /* LaunchScreen.storyboard */ = {
			isa = PBXVariantGroup;
			children = (
				B053FD40240FE88B006000DC /* Base */,
			);
			name = LaunchScreen.storyboard;
			sourceTree = "<group>";
		};
/* End PBXVariantGroup section */

/* Begin XCBuildConfiguration section */
		B053FD43240FE88B006000DC /* Debug */ = {
			isa = XCBuildConfiguration;
			buildSettings = {
				ALWAYS_SEARCH_USER_PATHS = NO;
				CLANG_ANALYZER_NONNULL = YES;
				CLANG_ANALYZER_NUMBER_OBJECT_CONVERSION = YES_AGGRESSIVE;
				CLANG_CXX_LANGUAGE_STANDARD = "gnu++14";
				CLANG_CXX_LIBRARY = "libc++";
				CLANG_ENABLE_MODULES = YES;
				CLANG_ENABLE_OBJC_ARC = YES;
				CLANG_ENABLE_OBJC_WEAK = YES;
				CLANG_WARN_BLOCK_CAPTURE_AUTORELEASING = YES;
				CLANG_WARN_BOOL_CONVERSION = YES;
				CLANG_WARN_COMMA = YES;
				CLANG_WARN_CONSTANT_CONVERSION = YES;
				CLANG_WARN_DEPRECATED_OBJC_IMPLEMENTATIONS = YES;
				CLANG_WARN_DIRECT_OBJC_ISA_USAGE = YES_ERROR;
				CLANG_WARN_DOCUMENTATION_COMMENTS = YES;
				CLANG_WARN_EMPTY_BODY = YES;
				CLANG_WARN_ENUM_CONVERSION = YES;
				CLANG_WARN_INFINITE_RECURSION = YES;
				CLANG_WARN_INT_CONVERSION = YES;
				CLANG_WARN_NON_LITERAL_NULL_CONVERSION = YES;
				CLANG_WARN_OBJC_IMPLICIT_RETAIN_SELF = YES;
				CLANG_WARN_OBJC_LITERAL_CONVERSION = YES;
				CLANG_WARN_OBJC_ROOT_CLASS = YES_ERROR;
				CLANG_WARN_RANGE_LOOP_ANALYSIS = YES;
				CLANG_WARN_STRICT_PROTOTYPES = YES;
				CLANG_WARN_SUSPICIOUS_MOVE = YES;
				CLANG_WARN_UNGUARDED_AVAILABILITY = YES_AGGRESSIVE;
				CLANG_WARN_UNREACHABLE_CODE = YES;
				CLANG_WARN__DUPLICATE_METHOD_MATCH = YES;
				COPY_PHASE_STRIP = NO;
				DEBUG_INFORMATION_FORMAT = dwarf;
				ENABLE_STRICT_OBJC_MSGSEND = YES;
				ENABLE_TESTABILITY = YES;
				GCC_C_LANGUAGE_STANDARD = gnu11;
				GCC_DYNAMIC_NO_PIC = NO;
				GCC_NO_COMMON_BLOCKS = YES;
				GCC_OPTIMIZATION_LEVEL = 0;
				GCC_PREPROCESSOR_DEFINITIONS = (
					"DEBUG=1",
					"$(inherited)",
				);
				GCC_WARN_64_TO_32_BIT_CONVERSION = YES;
				GCC_WARN_ABOUT_RETURN_TYPE = YES_ERROR;
				GCC_WARN_UNDECLARED_SELECTOR = YES;
				GCC_WARN_UNINITIALIZED_AUTOS = YES_AGGRESSIVE;
				GCC_WARN_UNUSED_FUNCTION = YES;
				GCC_WARN_UNUSED_VARIABLE = YES;
				IPHONEOS_DEPLOYMENT_TARGET = 13.2;
				MTL_ENABLE_DEBUG_INFO = INCLUDE_SOURCE;
				MTL_FAST_MATH = YES;
				ONLY_ACTIVE_ARCH = YES;
				SDKROOT = iphoneos;
				SWIFT_ACTIVE_COMPILATION_CONDITIONS = DEBUG;
				SWIFT_OPTIMIZATION_LEVEL = "-Onone";
			};
			name = Debug;
		};
		B053FD44240FE88B006000DC /* Release */ = {
			isa = XCBuildConfiguration;
			buildSettings = {
				ALWAYS_SEARCH_USER_PATHS = NO;
				CLANG_ANALYZER_NONNULL = YES;
				CLANG_ANALYZER_NUMBER_OBJECT_CONVERSION = YES_AGGRESSIVE;
				CLANG_CXX_LANGUAGE_STANDARD = "gnu++14";
				CLANG_CXX_LIBRARY = "libc++";
				CLANG_ENABLE_MODULES = YES;
				CLANG_ENABLE_OBJC_ARC = YES;
				CLANG_ENABLE_OBJC_WEAK = YES;
				CLANG_WARN_BLOCK_CAPTURE_AUTORELEASING = YES;
				CLANG_WARN_BOOL_CONVERSION = YES;
				CLANG_WARN_COMMA = YES;
				CLANG_WARN_CONSTANT_CONVERSION = YES;
				CLANG_WARN_DEPRECATED_OBJC_IMPLEMENTATIONS = YES;
				CLANG_WARN_DIRECT_OBJC_ISA_USAGE = YES_ERROR;
				CLANG_WARN_DOCUMENTATION_COMMENTS = YES;
				CLANG_WARN_EMPTY_BODY = YES;
				CLANG_WARN_ENUM_CONVERSION = YES;
				CLANG_WARN_INFINITE_RECURSION = YES;
				CLANG_WARN_INT_CONVERSION = YES;
				CLANG_WARN_NON_LITERAL_NULL_CONVERSION = YES;
				CLANG_WARN_OBJC_IMPLICIT_RETAIN_SELF = YES;
				CLANG_WARN_OBJC_LITERAL_CONVERSION = YES;
				CLANG_WARN_OBJC_ROOT_CLASS = YES_ERROR;
				CLANG_WARN_RANGE_LOOP_ANALYSIS = YES;
				CLANG_WARN_STRICT_PROTOTYPES = YES;
				CLANG_WARN_SUSPICIOUS_MOVE = YES;
				CLANG_WARN_UNGUARDED_AVAILABILITY = YES_AGGRESSIVE;
				CLANG_WARN_UNREACHABLE_CODE = YES;
				CLANG_WARN__DUPLICATE_METHOD_MATCH = YES;
				COPY_PHASE_STRIP = NO;
				DEBUG_INFORMATION_FORMAT = "dwarf-with-dsym";
				ENABLE_NS_ASSERTIONS = NO;
				ENABLE_STRICT_OBJC_MSGSEND = YES;
				GCC_C_LANGUAGE_STANDARD = gnu11;
				GCC_NO_COMMON_BLOCKS = YES;
				GCC_WARN_64_TO_32_BIT_CONVERSION = YES;
				GCC_WARN_ABOUT_RETURN_TYPE = YES_ERROR;
				GCC_WARN_UNDECLARED_SELECTOR = YES;
				GCC_WARN_UNINITIALIZED_AUTOS = YES_AGGRESSIVE;
				GCC_WARN_UNUSED_FUNCTION = YES;
				GCC_WARN_UNUSED_VARIABLE = YES;
				IPHONEOS_DEPLOYMENT_TARGET = 13.2;
				MTL_ENABLE_DEBUG_INFO = NO;
				MTL_FAST_MATH = YES;
				SDKROOT = iphoneos;
				SWIFT_COMPILATION_MODE = wholemodule;
				SWIFT_OPTIMIZATION_LEVEL = "-O";
				VALIDATE_PRODUCT = YES;
			};
			name = Release;
		};
		B053FD46240FE88B006000DC /* Debug */ = {
			isa = XCBuildConfiguration;
			buildSettings = {
				ASSETCATALOG_COMPILER_APPICON_NAME = AppIcon;
				CODE_SIGN_STYLE = Automatic;
				INFOPLIST_FILE = MyDeer/Info.plist;
				LD_RUNPATH_SEARCH_PATHS = (
					"$(inherited)",
					"@executable_path/Frameworks",
				);
				PRODUCT_BUNDLE_IDENTIFIER = laurab.MyDeer;
				PRODUCT_NAME = "$(TARGET_NAME)";
				SWIFT_VERSION = 5.0;
				TARGETED_DEVICE_FAMILY = "1,2";
			};
			name = Debug;
		};
		B053FD47240FE88B006000DC /* Release */ = {
			isa = XCBuildConfiguration;
			buildSettings = {
				ASSETCATALOG_COMPILER_APPICON_NAME = AppIcon;
				CODE_SIGN_STYLE = Automatic;
				INFOPLIST_FILE = MyDeer/Info.plist;
				LD_RUNPATH_SEARCH_PATHS = (
					"$(inherited)",
					"@executable_path/Frameworks",
				);
				PRODUCT_BUNDLE_IDENTIFIER = laurab.MyDeer;
				PRODUCT_NAME = "$(TARGET_NAME)";
				SWIFT_VERSION = 5.0;
				TARGETED_DEVICE_FAMILY = "1,2";
			};
			name = Release;
		};
/* End XCBuildConfiguration section */

/* Begin XCConfigurationList section */
		B053FD2C240FE88A006000DC /* Build configuration list for PBXProject "MyDeer" */ = {
			isa = XCConfigurationList;
			buildConfigurations = (
				B053FD43240FE88B006000DC /* Debug */,
				B053FD44240FE88B006000DC /* Release */,
			);
			defaultConfigurationIsVisible = 0;
			defaultConfigurationName = Release;
		};
		B053FD45240FE88B006000DC /* Build configuration list for PBXNativeTarget "MyDeer" */ = {
			isa = XCConfigurationList;
			buildConfigurations = (
				B053FD46240FE88B006000DC /* Debug */,
				B053FD47240FE88B006000DC /* Release */,
			);
			defaultConfigurationIsVisible = 0;
			defaultConfigurationName = Release;
		};
/* End XCConfigurationList section */
	};
	rootObject = B053FD29240FE88A006000DC /* Project object */;
}
